// !$*UTF8*$!
{
	archiveVersion = 1;
	classes = {
	};
	objectVersion = 56;
	objects = {

/* Begin PBXBuildFile section */
		C9432F892AD742C700CD2AF0 /* AppDelegate.swift in Sources */ = {isa = PBXBuildFile; fileRef = C9432F882AD742C700CD2AF0 /* AppDelegate.swift */; };
		C9432F8B2AD742C700CD2AF0 /* SceneDelegate.swift in Sources */ = {isa = PBXBuildFile; fileRef = C9432F8A2AD742C700CD2AF0 /* SceneDelegate.swift */; };
		C9432F8D2AD742C700CD2AF0 /* EnglishLeagueViewController.swift in Sources */ = {isa = PBXBuildFile; fileRef = C9432F8C2AD742C700CD2AF0 /* EnglishLeagueViewController.swift */; };
		C9432F902AD742C700CD2AF0 /* Main.storyboard in Resources */ = {isa = PBXBuildFile; fileRef = C9432F8E2AD742C700CD2AF0 /* Main.storyboard */; };
		C9432F922AD742C800CD2AF0 /* Assets.xcassets in Resources */ = {isa = PBXBuildFile; fileRef = C9432F912AD742C800CD2AF0 /* Assets.xcassets */; };
		C9432F952AD742C800CD2AF0 /* LaunchScreen.storyboard in Resources */ = {isa = PBXBuildFile; fileRef = C9432F932AD742C800CD2AF0 /* LaunchScreen.storyboard */; };
		C99E0C282AD87FE600433DE3 /* MatchesTableViewCell.swift in Sources */ = {isa = PBXBuildFile; fileRef = C99E0C262AD87FE600433DE3 /* MatchesTableViewCell.swift */; };
		C99E0C292AD87FE600433DE3 /* MatchesTableViewCell.xib in Resources */ = {isa = PBXBuildFile; fileRef = C99E0C272AD87FE600433DE3 /* MatchesTableViewCell.xib */; };
		C9D10F4A2AD88315001D0078 /* EnglishLeagueVCExtension.swift in Sources */ = {isa = PBXBuildFile; fileRef = C9D10F492AD88315001D0078 /* EnglishLeagueVCExtension.swift */; };
		C9D10F4D2AD88452001D0078 /* UITableViewExtension.swift in Sources */ = {isa = PBXBuildFile; fileRef = C9D10F4C2AD88452001D0078 /* UITableViewExtension.swift */; };
		C9D10F502AD885A8001D0078 /* ClassNames.swift in Sources */ = {isa = PBXBuildFile; fileRef = C9D10F4F2AD885A8001D0078 /* ClassNames.swift */; };
		C9D10F532AD88B98001D0078 /* ApiResultsModel.swift in Sources */ = {isa = PBXBuildFile; fileRef = C9D10F522AD88B98001D0078 /* ApiResultsModel.swift */; };
		C9D10F552AD88C14001D0078 /* CompetitionData.swift in Sources */ = {isa = PBXBuildFile; fileRef = C9D10F542AD88C14001D0078 /* CompetitionData.swift */; };
		C9D10F572AD88CD5001D0078 /* MatchesModel.swift in Sources */ = {isa = PBXBuildFile; fileRef = C9D10F562AD88CD5001D0078 /* MatchesModel.swift */; };
		C9D10F592AD88FE6001D0078 /* SeasonModel.swift in Sources */ = {isa = PBXBuildFile; fileRef = C9D10F582AD88FE6001D0078 /* SeasonModel.swift */; };
		C9D10F5B2AD89007001D0078 /* ScoreModel.swift in Sources */ = {isa = PBXBuildFile; fileRef = C9D10F5A2AD89007001D0078 /* ScoreModel.swift */; };
		C9D10F5D2AD89025001D0078 /* ResultModel.swift in Sources */ = {isa = PBXBuildFile; fileRef = C9D10F5C2AD89025001D0078 /* ResultModel.swift */; };
		C9D10F5F2AD89040001D0078 /* HomeTeamModel.swift in Sources */ = {isa = PBXBuildFile; fileRef = C9D10F5E2AD89040001D0078 /* HomeTeamModel.swift */; };
		C9D10F612AD8906A001D0078 /* AwayTeamModel.swift in Sources */ = {isa = PBXBuildFile; fileRef = C9D10F602AD8906A001D0078 /* AwayTeamModel.swift */; };
		C9D10F642AD890EC001D0078 /* NetworkModel.swift in Sources */ = {isa = PBXBuildFile; fileRef = C9D10F632AD890EC001D0078 /* NetworkModel.swift */; };
		C9D10F672AD891A1001D0078 /* NetworkProtocol.swift in Sources */ = {isa = PBXBuildFile; fileRef = C9D10F662AD891A1001D0078 /* NetworkProtocol.swift */; };
		C9D10F692AD89282001D0078 /* NetworkManager.swift in Sources */ = {isa = PBXBuildFile; fileRef = C9D10F682AD89281001D0078 /* NetworkManager.swift */; };
		C9E48F702AD9216E00614A8A /* EnglishLeagueViewModel.swift in Sources */ = {isa = PBXBuildFile; fileRef = C9E48F6F2AD9216E00614A8A /* EnglishLeagueViewModel.swift */; };
		C9E48F722AD9224E00614A8A /* UserKeys.swift in Sources */ = {isa = PBXBuildFile; fileRef = C9E48F712AD9224E00614A8A /* UserKeys.swift */; };
		C9E48F742AD922F300614A8A /* MainUrls.swift in Sources */ = {isa = PBXBuildFile; fileRef = C9E48F732AD922F300614A8A /* MainUrls.swift */; };
		EA4E752E485F8072E4CA953C /* Pods_EnglishLeagueApp.framework in Frameworks */ = {isa = PBXBuildFile; fileRef = CD1233D7EAC2A50E9B48885E /* Pods_EnglishLeagueApp.framework */; };
/* End PBXBuildFile section */

/* Begin PBXFileReference section */
		6D6734BCD1D86A2E52D43D4D /* Pods-EnglishLeagueApp.debug.xcconfig */ = {isa = PBXFileReference; includeInIndex = 1; lastKnownFileType = text.xcconfig; name = "Pods-EnglishLeagueApp.debug.xcconfig"; path = "Target Support Files/Pods-EnglishLeagueApp/Pods-EnglishLeagueApp.debug.xcconfig"; sourceTree = "<group>"; };
		8EEFDCAFBF7A8CF3BDEFFA5E /* Pods-EnglishLeagueApp.release.xcconfig */ = {isa = PBXFileReference; includeInIndex = 1; lastKnownFileType = text.xcconfig; name = "Pods-EnglishLeagueApp.release.xcconfig"; path = "Target Support Files/Pods-EnglishLeagueApp/Pods-EnglishLeagueApp.release.xcconfig"; sourceTree = "<group>"; };
		C9432F852AD742C700CD2AF0 /* EnglishLeagueApp.app */ = {isa = PBXFileReference; explicitFileType = wrapper.application; includeInIndex = 0; path = EnglishLeagueApp.app; sourceTree = BUILT_PRODUCTS_DIR; };
		C9432F882AD742C700CD2AF0 /* AppDelegate.swift */ = {isa = PBXFileReference; lastKnownFileType = sourcecode.swift; path = AppDelegate.swift; sourceTree = "<group>"; };
		C9432F8A2AD742C700CD2AF0 /* SceneDelegate.swift */ = {isa = PBXFileReference; lastKnownFileType = sourcecode.swift; path = SceneDelegate.swift; sourceTree = "<group>"; };
		C9432F8C2AD742C700CD2AF0 /* EnglishLeagueViewController.swift */ = {isa = PBXFileReference; lastKnownFileType = sourcecode.swift; path = EnglishLeagueViewController.swift; sourceTree = "<group>"; };
		C9432F8F2AD742C700CD2AF0 /* Base */ = {isa = PBXFileReference; lastKnownFileType = file.storyboard; name = Base; path = Base.lproj/Main.storyboard; sourceTree = "<group>"; };
		C9432F912AD742C800CD2AF0 /* Assets.xcassets */ = {isa = PBXFileReference; lastKnownFileType = folder.assetcatalog; path = Assets.xcassets; sourceTree = "<group>"; };
		C9432F942AD742C800CD2AF0 /* Base */ = {isa = PBXFileReference; lastKnownFileType = file.storyboard; name = Base; path = Base.lproj/LaunchScreen.storyboard; sourceTree = "<group>"; };
		C9432F962AD742C800CD2AF0 /* Info.plist */ = {isa = PBXFileReference; lastKnownFileType = text.plist.xml; path = Info.plist; sourceTree = "<group>"; };
		C99E0C262AD87FE600433DE3 /* MatchesTableViewCell.swift */ = {isa = PBXFileReference; lastKnownFileType = sourcecode.swift; path = MatchesTableViewCell.swift; sourceTree = "<group>"; };
		C99E0C272AD87FE600433DE3 /* MatchesTableViewCell.xib */ = {isa = PBXFileReference; lastKnownFileType = file.xib; path = MatchesTableViewCell.xib; sourceTree = "<group>"; };
		C9D10F492AD88315001D0078 /* EnglishLeagueVCExtension.swift */ = {isa = PBXFileReference; lastKnownFileType = sourcecode.swift; path = EnglishLeagueVCExtension.swift; sourceTree = "<group>"; };
		C9D10F4C2AD88452001D0078 /* UITableViewExtension.swift */ = {isa = PBXFileReference; lastKnownFileType = sourcecode.swift; path = UITableViewExtension.swift; sourceTree = "<group>"; };
		C9D10F4F2AD885A8001D0078 /* ClassNames.swift */ = {isa = PBXFileReference; lastKnownFileType = sourcecode.swift; path = ClassNames.swift; sourceTree = "<group>"; };
		C9D10F522AD88B98001D0078 /* ApiResultsModel.swift */ = {isa = PBXFileReference; lastKnownFileType = sourcecode.swift; path = ApiResultsModel.swift; sourceTree = "<group>"; };
		C9D10F542AD88C14001D0078 /* CompetitionData.swift */ = {isa = PBXFileReference; lastKnownFileType = sourcecode.swift; path = CompetitionData.swift; sourceTree = "<group>"; };
		C9D10F562AD88CD5001D0078 /* MatchesModel.swift */ = {isa = PBXFileReference; lastKnownFileType = sourcecode.swift; path = MatchesModel.swift; sourceTree = "<group>"; };
		C9D10F582AD88FE6001D0078 /* SeasonModel.swift */ = {isa = PBXFileReference; lastKnownFileType = sourcecode.swift; path = SeasonModel.swift; sourceTree = "<group>"; };
		C9D10F5A2AD89007001D0078 /* ScoreModel.swift */ = {isa = PBXFileReference; lastKnownFileType = sourcecode.swift; path = ScoreModel.swift; sourceTree = "<group>"; };
		C9D10F5C2AD89025001D0078 /* ResultModel.swift */ = {isa = PBXFileReference; lastKnownFileType = sourcecode.swift; path = ResultModel.swift; sourceTree = "<group>"; };
		C9D10F5E2AD89040001D0078 /* HomeTeamModel.swift */ = {isa = PBXFileReference; lastKnownFileType = sourcecode.swift; path = HomeTeamModel.swift; sourceTree = "<group>"; };
		C9D10F602AD8906A001D0078 /* AwayTeamModel.swift */ = {isa = PBXFileReference; lastKnownFileType = sourcecode.swift; path = AwayTeamModel.swift; sourceTree = "<group>"; };
		C9D10F632AD890EC001D0078 /* NetworkModel.swift */ = {isa = PBXFileReference; lastKnownFileType = sourcecode.swift; path = NetworkModel.swift; sourceTree = "<group>"; };
		C9D10F662AD891A1001D0078 /* NetworkProtocol.swift */ = {isa = PBXFileReference; lastKnownFileType = sourcecode.swift; path = NetworkProtocol.swift; sourceTree = "<group>"; };
		C9D10F682AD89281001D0078 /* NetworkManager.swift */ = {isa = PBXFileReference; lastKnownFileType = sourcecode.swift; path = NetworkManager.swift; sourceTree = "<group>"; };
		C9E48F6F2AD9216E00614A8A /* EnglishLeagueViewModel.swift */ = {isa = PBXFileReference; lastKnownFileType = sourcecode.swift; path = EnglishLeagueViewModel.swift; sourceTree = "<group>"; };
		C9E48F712AD9224E00614A8A /* UserKeys.swift */ = {isa = PBXFileReference; lastKnownFileType = sourcecode.swift; path = UserKeys.swift; sourceTree = "<group>"; };
		C9E48F732AD922F300614A8A /* MainUrls.swift */ = {isa = PBXFileReference; lastKnownFileType = sourcecode.swift; path = MainUrls.swift; sourceTree = "<group>"; };
		CD1233D7EAC2A50E9B48885E /* Pods_EnglishLeagueApp.framework */ = {isa = PBXFileReference; explicitFileType = wrapper.framework; includeInIndex = 0; path = Pods_EnglishLeagueApp.framework; sourceTree = BUILT_PRODUCTS_DIR; };
/* End PBXFileReference section */

/* Begin PBXFrameworksBuildPhase section */
		C9432F822AD742C700CD2AF0 /* Frameworks */ = {
			isa = PBXFrameworksBuildPhase;
			buildActionMask = 2147483647;
			files = (
				EA4E752E485F8072E4CA953C /* Pods_EnglishLeagueApp.framework in Frameworks */,
			);
			runOnlyForDeploymentPostprocessing = 0;
		};
/* End PBXFrameworksBuildPhase section */

/* Begin PBXGroup section */
		C644E9453C242456BB054636 /* Frameworks */ = {
			isa = PBXGroup;
			children = (
				CD1233D7EAC2A50E9B48885E /* Pods_EnglishLeagueApp.framework */,
			);
			name = Frameworks;
			sourceTree = "<group>";
		};
		C9432F7C2AD742C700CD2AF0 = {
			isa = PBXGroup;
			children = (
				C9432F872AD742C700CD2AF0 /* EnglishLeagueApp */,
				C9432F862AD742C700CD2AF0 /* Products */,
				CE3ABA4C6D1B87310C138CB0 /* Pods */,
				C644E9453C242456BB054636 /* Frameworks */,
			);
			sourceTree = "<group>";
		};
		C9432F862AD742C700CD2AF0 /* Products */ = {
			isa = PBXGroup;
			children = (
				C9432F852AD742C700CD2AF0 /* EnglishLeagueApp.app */,
			);
			name = Products;
			sourceTree = "<group>";
		};
		C9432F872AD742C700CD2AF0 /* EnglishLeagueApp */ = {
			isa = PBXGroup;
			children = (
				C9E48F6E2AD9215400614A8A /* ViewModel */,
				C9D10F652AD8918D001D0078 /* Contract */,
				C9D10F512AD88B28001D0078 /* Models */,
				C9E48F692AD9185200614A8A /* Helper */,
				C9E48F6D2AD9213700614A8A /* Core */,
				C9E48F6A2AD9186400614A8A /* Views */,
				C9432F8E2AD742C700CD2AF0 /* Main.storyboard */,
				C9432F912AD742C800CD2AF0 /* Assets.xcassets */,
				C9432F932AD742C800CD2AF0 /* LaunchScreen.storyboard */,
				C9432F962AD742C800CD2AF0 /* Info.plist */,
			);
			path = EnglishLeagueApp;
			sourceTree = "<group>";
		};
		C9D10F4B2AD8843D001D0078 /* UIExtensions */ = {
			isa = PBXGroup;
			children = (
				C9D10F4C2AD88452001D0078 /* UITableViewExtension.swift */,
			);
			path = UIExtensions;
			sourceTree = "<group>";
		};
		C9D10F4E2AD88599001D0078 /* Enums */ = {
			isa = PBXGroup;
			children = (
				C9D10F4F2AD885A8001D0078 /* ClassNames.swift */,
				C9E48F712AD9224E00614A8A /* UserKeys.swift */,
				C9E48F732AD922F300614A8A /* MainUrls.swift */,
			);
			path = Enums;
			sourceTree = "<group>";
		};
		C9D10F512AD88B28001D0078 /* Models */ = {
			isa = PBXGroup;
			children = (
				C9D10F4E2AD88599001D0078 /* Enums */,
				C9D10F622AD890DD001D0078 /* Network Services */,
				C9E48F752AD92A7800614A8A /* ApiModels */,
			);
			path = Models;
			sourceTree = "<group>";
		};
		C9D10F622AD890DD001D0078 /* Network Services */ = {
			isa = PBXGroup;
			children = (
				C9D10F632AD890EC001D0078 /* NetworkModel.swift */,
				C9D10F682AD89281001D0078 /* NetworkManager.swift */,
			);
			path = "Network Services";
			sourceTree = "<group>";
		};
		C9D10F652AD8918D001D0078 /* Contract */ = {
			isa = PBXGroup;
			children = (
				C9D10F662AD891A1001D0078 /* NetworkProtocol.swift */,
			);
			path = Contract;
			sourceTree = "<group>";
		};
		C9E48F692AD9185200614A8A /* Helper */ = {
			isa = PBXGroup;
			children = (
				C9D10F4B2AD8843D001D0078 /* UIExtensions */,
			);
			path = Helper;
			sourceTree = "<group>";
		};
		C9E48F6A2AD9186400614A8A /* Views */ = {
			isa = PBXGroup;
			children = (
				C9E48F6B2AD9189400614A8A /* EnglishLeagueVC */,
				C9E48F6C2AD918B200614A8A /* MatchesTableViewCell */,
			);
			path = Views;
			sourceTree = "<group>";
		};
		C9E48F6B2AD9189400614A8A /* EnglishLeagueVC */ = {
			isa = PBXGroup;
			children = (
				C9432F8C2AD742C700CD2AF0 /* EnglishLeagueViewController.swift */,
				C9D10F492AD88315001D0078 /* EnglishLeagueVCExtension.swift */,
			);
			path = EnglishLeagueVC;
			sourceTree = "<group>";
		};
		C9E48F6C2AD918B200614A8A /* MatchesTableViewCell */ = {
			isa = PBXGroup;
			children = (
				C99E0C262AD87FE600433DE3 /* MatchesTableViewCell.swift */,
				C99E0C272AD87FE600433DE3 /* MatchesTableViewCell.xib */,
			);
			path = MatchesTableViewCell;
			sourceTree = "<group>";
		};
		C9E48F6D2AD9213700614A8A /* Core */ = {
			isa = PBXGroup;
			children = (
				C9432F882AD742C700CD2AF0 /* AppDelegate.swift */,
				C9432F8A2AD742C700CD2AF0 /* SceneDelegate.swift */,
			);
			path = Core;
			sourceTree = "<group>";
		};
		C9E48F6E2AD9215400614A8A /* ViewModel */ = {
			isa = PBXGroup;
			children = (
				C9E48F6F2AD9216E00614A8A /* EnglishLeagueViewModel.swift */,
			);
			path = ViewModel;
			sourceTree = "<group>";
		};
		C9E48F752AD92A7800614A8A /* ApiModels */ = {
			isa = PBXGroup;
			children = (
				C9D10F522AD88B98001D0078 /* ApiResultsModel.swift */,
				C9D10F542AD88C14001D0078 /* CompetitionData.swift */,
				C9D10F582AD88FE6001D0078 /* SeasonModel.swift */,
				C9D10F562AD88CD5001D0078 /* MatchesModel.swift */,
				C9D10F5C2AD89025001D0078 /* ResultModel.swift */,
				C9D10F5E2AD89040001D0078 /* HomeTeamModel.swift */,
				C9D10F602AD8906A001D0078 /* AwayTeamModel.swift */,
				C9D10F5A2AD89007001D0078 /* ScoreModel.swift */,
			);
			path = ApiModels;
			sourceTree = "<group>";
		};
		CE3ABA4C6D1B87310C138CB0 /* Pods */ = {
			isa = PBXGroup;
			children = (
				6D6734BCD1D86A2E52D43D4D /* Pods-EnglishLeagueApp.debug.xcconfig */,
				8EEFDCAFBF7A8CF3BDEFFA5E /* Pods-EnglishLeagueApp.release.xcconfig */,
			);
			path = Pods;
			sourceTree = "<group>";
		};
/* End PBXGroup section */

/* Begin PBXNativeTarget section */
		C9432F842AD742C700CD2AF0 /* EnglishLeagueApp */ = {
			isa = PBXNativeTarget;
			buildConfigurationList = C9432F992AD742C800CD2AF0 /* Build configuration list for PBXNativeTarget "EnglishLeagueApp" */;
			buildPhases = (
				F65BE19A3DE4E5B3A273C461 /* [CP] Check Pods Manifest.lock */,
				C9432F812AD742C700CD2AF0 /* Sources */,
				C9432F822AD742C700CD2AF0 /* Frameworks */,
				C9432F832AD742C700CD2AF0 /* Resources */,
				E619445B9A5AFB593634838C /* [CP] Embed Pods Frameworks */,
			);
			buildRules = (
			);
			dependencies = (
			);
			name = EnglishLeagueApp;
			productName = EnglishLeagueApp;
			productReference = C9432F852AD742C700CD2AF0 /* EnglishLeagueApp.app */;
			productType = "com.apple.product-type.application";
		};
/* End PBXNativeTarget section */

/* Begin PBXProject section */
		C9432F7D2AD742C700CD2AF0 /* Project object */ = {
			isa = PBXProject;
			attributes = {
				BuildIndependentTargetsInParallel = 1;
				LastSwiftUpdateCheck = 1430;
				LastUpgradeCheck = 1430;
				TargetAttributes = {
					C9432F842AD742C700CD2AF0 = {
						CreatedOnToolsVersion = 14.3;
					};
				};
			};
			buildConfigurationList = C9432F802AD742C700CD2AF0 /* Build configuration list for PBXProject "EnglishLeagueApp" */;
			compatibilityVersion = "Xcode 14.0";
			developmentRegion = en;
			hasScannedForEncodings = 0;
			knownRegions = (
				en,
				Base,
			);
			mainGroup = C9432F7C2AD742C700CD2AF0;
			productRefGroup = C9432F862AD742C700CD2AF0 /* Products */;
			projectDirPath = "";
			projectRoot = "";
			targets = (
				C9432F842AD742C700CD2AF0 /* EnglishLeagueApp */,
			);
		};
/* End PBXProject section */

/* Begin PBXResourcesBuildPhase section */
		C9432F832AD742C700CD2AF0 /* Resources */ = {
			isa = PBXResourcesBuildPhase;
			buildActionMask = 2147483647;
			files = (
				C9432F952AD742C800CD2AF0 /* LaunchScreen.storyboard in Resources */,
				C99E0C292AD87FE600433DE3 /* MatchesTableViewCell.xib in Resources */,
				C9432F922AD742C800CD2AF0 /* Assets.xcassets in Resources */,
				C9432F902AD742C700CD2AF0 /* Main.storyboard in Resources */,
			);
			runOnlyForDeploymentPostprocessing = 0;
		};
/* End PBXResourcesBuildPhase section */

/* Begin PBXShellScriptBuildPhase section */
		E619445B9A5AFB593634838C /* [CP] Embed Pods Frameworks */ = {
			isa = PBXShellScriptBuildPhase;
			buildActionMask = 2147483647;
			files = (
			);
			inputFileListPaths = (
				"${PODS_ROOT}/Target Support Files/Pods-EnglishLeagueApp/Pods-EnglishLeagueApp-frameworks-${CONFIGURATION}-input-files.xcfilelist",
			);
			name = "[CP] Embed Pods Frameworks";
			outputFileListPaths = (
				"${PODS_ROOT}/Target Support Files/Pods-EnglishLeagueApp/Pods-EnglishLeagueApp-frameworks-${CONFIGURATION}-output-files.xcfilelist",
			);
			runOnlyForDeploymentPostprocessing = 0;
			shellPath = /bin/sh;
			shellScript = "\"${PODS_ROOT}/Target Support Files/Pods-EnglishLeagueApp/Pods-EnglishLeagueApp-frameworks.sh\"\n";
			showEnvVarsInLog = 0;
		};
		F65BE19A3DE4E5B3A273C461 /* [CP] Check Pods Manifest.lock */ = {
			isa = PBXShellScriptBuildPhase;
			buildActionMask = 2147483647;
			files = (
			);
			inputFileListPaths = (
			);
			inputPaths = (
				"${PODS_PODFILE_DIR_PATH}/Podfile.lock",
				"${PODS_ROOT}/Manifest.lock",
			);
			name = "[CP] Check Pods Manifest.lock";
			outputFileListPaths = (
			);
			outputPaths = (
				"$(DERIVED_FILE_DIR)/Pods-EnglishLeagueApp-checkManifestLockResult.txt",
			);
			runOnlyForDeploymentPostprocessing = 0;
			shellPath = /bin/sh;
			shellScript = "diff \"${PODS_PODFILE_DIR_PATH}/Podfile.lock\" \"${PODS_ROOT}/Manifest.lock\" > /dev/null\nif [ $? != 0 ] ; then\n    # print error to STDERR\n    echo \"error: The sandbox is not in sync with the Podfile.lock. Run 'pod install' or update your CocoaPods installation.\" >&2\n    exit 1\nfi\n# This output is used by Xcode 'outputs' to avoid re-running this script phase.\necho \"SUCCESS\" > \"${SCRIPT_OUTPUT_FILE_0}\"\n";
			showEnvVarsInLog = 0;
		};
/* End PBXShellScriptBuildPhase section */

/* Begin PBXSourcesBuildPhase section */
		C9432F812AD742C700CD2AF0 /* Sources */ = {
			isa = PBXSourcesBuildPhase;
			buildActionMask = 2147483647;
			files = (
				C9D10F692AD89282001D0078 /* NetworkManager.swift in Sources */,
				C9D10F672AD891A1001D0078 /* NetworkProtocol.swift in Sources */,
				C9D10F5B2AD89007001D0078 /* ScoreModel.swift in Sources */,
				C9E48F702AD9216E00614A8A /* EnglishLeagueViewModel.swift in Sources */,
				C9432F8D2AD742C700CD2AF0 /* EnglishLeagueViewController.swift in Sources */,
				C9D10F572AD88CD5001D0078 /* MatchesModel.swift in Sources */,
				C99E0C282AD87FE600433DE3 /* MatchesTableViewCell.swift in Sources */,
				C9432F892AD742C700CD2AF0 /* AppDelegate.swift in Sources */,
				C9E48F722AD9224E00614A8A /* UserKeys.swift in Sources */,
				C9D10F4D2AD88452001D0078 /* UITableViewExtension.swift in Sources */,
				C9D10F592AD88FE6001D0078 /* SeasonModel.swift in Sources */,
				C9D10F5F2AD89040001D0078 /* HomeTeamModel.swift in Sources */,
				C9E48F742AD922F300614A8A /* MainUrls.swift in Sources */,
				C9D10F642AD890EC001D0078 /* NetworkModel.swift in Sources */,
				C9D10F4A2AD88315001D0078 /* EnglishLeagueVCExtension.swift in Sources */,
				C9D10F532AD88B98001D0078 /* ApiResultsModel.swift in Sources */,
				C9D10F502AD885A8001D0078 /* ClassNames.swift in Sources */,
				C9D10F5D2AD89025001D0078 /* ResultModel.swift in Sources */,
				C9D10F552AD88C14001D0078 /* CompetitionData.swift in Sources */,
				C9D10F612AD8906A001D0078 /* AwayTeamModel.swift in Sources */,
				C9432F8B2AD742C700CD2AF0 /* SceneDelegate.swift in Sources */,
			);
			runOnlyForDeploymentPostprocessing = 0;
		};
/* End PBXSourcesBuildPhase section */

/* Begin PBXVariantGroup section */
		C9432F8E2AD742C700CD2AF0 /* Main.storyboard */ = {
			isa = PBXVariantGroup;
			children = (
				C9432F8F2AD742C700CD2AF0 /* Base */,
			);
			name = Main.storyboard;
			sourceTree = "<group>";
		};
		C9432F932AD742C800CD2AF0 /* LaunchScreen.storyboard */ = {
			isa = PBXVariantGroup;
			children = (
				C9432F942AD742C800CD2AF0 /* Base */,
			);
			name = LaunchScreen.storyboard;
			sourceTree = "<group>";
		};
/* End PBXVariantGroup section */

/* Begin XCBuildConfiguration section */
		C9432F972AD742C800CD2AF0 /* Debug */ = {
			isa = XCBuildConfiguration;
			buildSettings = {
				ALWAYS_SEARCH_USER_PATHS = NO;
				CLANG_ANALYZER_NONNULL = YES;
				CLANG_ANALYZER_NUMBER_OBJECT_CONVERSION = YES_AGGRESSIVE;
				CLANG_CXX_LANGUAGE_STANDARD = "gnu++20";
				CLANG_ENABLE_MODULES = YES;
				CLANG_ENABLE_OBJC_ARC = YES;
				CLANG_ENABLE_OBJC_WEAK = YES;
				CLANG_WARN_BLOCK_CAPTURE_AUTORELEASING = YES;
				CLANG_WARN_BOOL_CONVERSION = YES;
				CLANG_WARN_COMMA = YES;
				CLANG_WARN_CONSTANT_CONVERSION = YES;
				CLANG_WARN_DEPRECATED_OBJC_IMPLEMENTATIONS = YES;
				CLANG_WARN_DIRECT_OBJC_ISA_USAGE = YES_ERROR;
				CLANG_WARN_DOCUMENTATION_COMMENTS = YES;
				CLANG_WARN_EMPTY_BODY = YES;
				CLANG_WARN_ENUM_CONVERSION = YES;
				CLANG_WARN_INFINITE_RECURSION = YES;
				CLANG_WARN_INT_CONVERSION = YES;
				CLANG_WARN_NON_LITERAL_NULL_CONVERSION = YES;
				CLANG_WARN_OBJC_IMPLICIT_RETAIN_SELF = YES;
				CLANG_WARN_OBJC_LITERAL_CONVERSION = YES;
				CLANG_WARN_OBJC_ROOT_CLASS = YES_ERROR;
				CLANG_WARN_QUOTED_INCLUDE_IN_FRAMEWORK_HEADER = YES;
				CLANG_WARN_RANGE_LOOP_ANALYSIS = YES;
				CLANG_WARN_STRICT_PROTOTYPES = YES;
				CLANG_WARN_SUSPICIOUS_MOVE = YES;
				CLANG_WARN_UNGUARDED_AVAILABILITY = YES_AGGRESSIVE;
				CLANG_WARN_UNREACHABLE_CODE = YES;
				CLANG_WARN__DUPLICATE_METHOD_MATCH = YES;
				COPY_PHASE_STRIP = NO;
				DEBUG_INFORMATION_FORMAT = dwarf;
				ENABLE_STRICT_OBJC_MSGSEND = YES;
				ENABLE_TESTABILITY = YES;
				GCC_C_LANGUAGE_STANDARD = gnu11;
				GCC_DYNAMIC_NO_PIC = NO;
				GCC_NO_COMMON_BLOCKS = YES;
				GCC_OPTIMIZATION_LEVEL = 0;
				GCC_PREPROCESSOR_DEFINITIONS = (
					"DEBUG=1",
					"$(inherited)",
				);
				GCC_WARN_64_TO_32_BIT_CONVERSION = YES;
				GCC_WARN_ABOUT_RETURN_TYPE = YES_ERROR;
				GCC_WARN_UNDECLARED_SELECTOR = YES;
				GCC_WARN_UNINITIALIZED_AUTOS = YES_AGGRESSIVE;
				GCC_WARN_UNUSED_FUNCTION = YES;
				GCC_WARN_UNUSED_VARIABLE = YES;
				IPHONEOS_DEPLOYMENT_TARGET = 16.4;
				MTL_ENABLE_DEBUG_INFO = INCLUDE_SOURCE;
				MTL_FAST_MATH = YES;
				ONLY_ACTIVE_ARCH = YES;
				SDKROOT = iphoneos;
				SWIFT_ACTIVE_COMPILATION_CONDITIONS = DEBUG;
				SWIFT_OPTIMIZATION_LEVEL = "-Onone";
			};
			name = Debug;
		};
		C9432F982AD742C800CD2AF0 /* Release */ = {
			isa = XCBuildConfiguration;
			buildSettings = {
				ALWAYS_SEARCH_USER_PATHS = NO;
				CLANG_ANALYZER_NONNULL = YES;
				CLANG_ANALYZER_NUMBER_OBJECT_CONVERSION = YES_AGGRESSIVE;
				CLANG_CXX_LANGUAGE_STANDARD = "gnu++20";
				CLANG_ENABLE_MODULES = YES;
				CLANG_ENABLE_OBJC_ARC = YES;
				CLANG_ENABLE_OBJC_WEAK = YES;
				CLANG_WARN_BLOCK_CAPTURE_AUTORELEASING = YES;
				CLANG_WARN_BOOL_CONVERSION = YES;
				CLANG_WARN_COMMA = YES;
				CLANG_WARN_CONSTANT_CONVERSION = YES;
				CLANG_WARN_DEPRECATED_OBJC_IMPLEMENTATIONS = YES;
				CLANG_WARN_DIRECT_OBJC_ISA_USAGE = YES_ERROR;
				CLANG_WARN_DOCUMENTATION_COMMENTS = YES;
				CLANG_WARN_EMPTY_BODY = YES;
				CLANG_WARN_ENUM_CONVERSION = YES;
				CLANG_WARN_INFINITE_RECURSION = YES;
				CLANG_WARN_INT_CONVERSION = YES;
				CLANG_WARN_NON_LITERAL_NULL_CONVERSION = YES;
				CLANG_WARN_OBJC_IMPLICIT_RETAIN_SELF = YES;
				CLANG_WARN_OBJC_LITERAL_CONVERSION = YES;
				CLANG_WARN_OBJC_ROOT_CLASS = YES_ERROR;
				CLANG_WARN_QUOTED_INCLUDE_IN_FRAMEWORK_HEADER = YES;
				CLANG_WARN_RANGE_LOOP_ANALYSIS = YES;
				CLANG_WARN_STRICT_PROTOTYPES = YES;
				CLANG_WARN_SUSPICIOUS_MOVE = YES;
				CLANG_WARN_UNGUARDED_AVAILABILITY = YES_AGGRESSIVE;
				CLANG_WARN_UNREACHABLE_CODE = YES;
				CLANG_WARN__DUPLICATE_METHOD_MATCH = YES;
				COPY_PHASE_STRIP = NO;
				DEBUG_INFORMATION_FORMAT = "dwarf-with-dsym";
				ENABLE_NS_ASSERTIONS = NO;
				ENABLE_STRICT_OBJC_MSGSEND = YES;
				GCC_C_LANGUAGE_STANDARD = gnu11;
				GCC_NO_COMMON_BLOCKS = YES;
				GCC_WARN_64_TO_32_BIT_CONVERSION = YES;
				GCC_WARN_ABOUT_RETURN_TYPE = YES_ERROR;
				GCC_WARN_UNDECLARED_SELECTOR = YES;
				GCC_WARN_UNINITIALIZED_AUTOS = YES_AGGRESSIVE;
				GCC_WARN_UNUSED_FUNCTION = YES;
				GCC_WARN_UNUSED_VARIABLE = YES;
				IPHONEOS_DEPLOYMENT_TARGET = 16.4;
				MTL_ENABLE_DEBUG_INFO = NO;
				MTL_FAST_MATH = YES;
				SDKROOT = iphoneos;
				SWIFT_COMPILATION_MODE = wholemodule;
				SWIFT_OPTIMIZATION_LEVEL = "-O";
				VALIDATE_PRODUCT = YES;
			};
			name = Release;
		};
		C9432F9A2AD742C800CD2AF0 /* Debug */ = {
			isa = XCBuildConfiguration;
			baseConfigurationReference = 6D6734BCD1D86A2E52D43D4D /* Pods-EnglishLeagueApp.debug.xcconfig */;
			buildSettings = {
				ASSETCATALOG_COMPILER_APPICON_NAME = AppIcon;
				ASSETCATALOG_COMPILER_GLOBAL_ACCENT_COLOR_NAME = AccentColor;
				CODE_SIGN_STYLE = Automatic;
				CURRENT_PROJECT_VERSION = 1;
				DEVELOPMENT_TEAM = 64BDJTHJNX;
				GENERATE_INFOPLIST_FILE = YES;
				INFOPLIST_FILE = EnglishLeagueApp/Info.plist;
				INFOPLIST_KEY_UIApplicationSupportsIndirectInputEvents = YES;
				INFOPLIST_KEY_UILaunchStoryboardName = LaunchScreen;
				INFOPLIST_KEY_UIMainStoryboardFile = Main;
				INFOPLIST_KEY_UISupportedInterfaceOrientations_iPad = "UIInterfaceOrientationPortrait UIInterfaceOrientationPortraitUpsideDown UIInterfaceOrientationLandscapeLeft UIInterfaceOrientationLandscapeRight";
				INFOPLIST_KEY_UISupportedInterfaceOrientations_iPhone = "UIInterfaceOrientationPortrait UIInterfaceOrientationLandscapeLeft UIInterfaceOrientationLandscapeRight";
				LD_RUNPATH_SEARCH_PATHS = (
					"$(inherited)",
					"@executable_path/Frameworks",
				);
				MARKETING_VERSION = 1.0;
				PRODUCT_BUNDLE_IDENTIFIER = mariam.EnglishLeagueApp;
				PRODUCT_NAME = "$(TARGET_NAME)";
				SWIFT_EMIT_LOC_STRINGS = YES;
				SWIFT_VERSION = 5.0;
				TARGETED_DEVICE_FAMILY = "1,2";
			};
			name = Debug;
		};
		C9432F9B2AD742C800CD2AF0 /* Release */ = {
			isa = XCBuildConfiguration;
			baseConfigurationReference = 8EEFDCAFBF7A8CF3BDEFFA5E /* Pods-EnglishLeagueApp.release.xcconfig */;
			buildSettings = {
				ASSETCATALOG_COMPILER_APPICON_NAME = AppIcon;
				ASSETCATALOG_COMPILER_GLOBAL_ACCENT_COLOR_NAME = AccentColor;
				CODE_SIGN_STYLE = Automatic;
				CURRENT_PROJECT_VERSION = 1;
				DEVELOPMENT_TEAM = 64BDJTHJNX;
				GENERATE_INFOPLIST_FILE = YES;
				INFOPLIST_FILE = EnglishLeagueApp/Info.plist;
				INFOPLIST_KEY_UIApplicationSupportsIndirectInputEvents = YES;
				INFOPLIST_KEY_UILaunchStoryboardName = LaunchScreen;
				INFOPLIST_KEY_UIMainStoryboardFile = Main;
				INFOPLIST_KEY_UISupportedInterfaceOrientations_iPad = "UIInterfaceOrientationPortrait UIInterfaceOrientationPortraitUpsideDown UIInterfaceOrientationLandscapeLeft UIInterfaceOrientationLandscapeRight";
				INFOPLIST_KEY_UISupportedInterfaceOrientations_iPhone = "UIInterfaceOrientationPortrait UIInterfaceOrientationLandscapeLeft UIInterfaceOrientationLandscapeRight";
				LD_RUNPATH_SEARCH_PATHS = (
					"$(inherited)",
					"@executable_path/Frameworks",
				);
				MARKETING_VERSION = 1.0;
				PRODUCT_BUNDLE_IDENTIFIER = mariam.EnglishLeagueApp;
				PRODUCT_NAME = "$(TARGET_NAME)";
				SWIFT_EMIT_LOC_STRINGS = YES;
				SWIFT_VERSION = 5.0;
				TARGETED_DEVICE_FAMILY = "1,2";
			};
			name = Release;
		};
/* End XCBuildConfiguration section */

/* Begin XCConfigurationList section */
		C9432F802AD742C700CD2AF0 /* Build configuration list for PBXProject "EnglishLeagueApp" */ = {
			isa = XCConfigurationList;
			buildConfigurations = (
				C9432F972AD742C800CD2AF0 /* Debug */,
				C9432F982AD742C800CD2AF0 /* Release */,
			);
			defaultConfigurationIsVisible = 0;
			defaultConfigurationName = Release;
		};
		C9432F992AD742C800CD2AF0 /* Build configuration list for PBXNativeTarget "EnglishLeagueApp" */ = {
			isa = XCConfigurationList;
			buildConfigurations = (
				C9432F9A2AD742C800CD2AF0 /* Debug */,
				C9432F9B2AD742C800CD2AF0 /* Release */,
			);
			defaultConfigurationIsVisible = 0;
			defaultConfigurationName = Release;
		};
/* End XCConfigurationList section */
	};
	rootObject = C9432F7D2AD742C700CD2AF0 /* Project object */;
}
